
Microsoft Visual Studio Solution File, Format Version 12.00
# Visual Studio 2012
Project("{FAE04EC0-301F-11D3-BF4B-00C04F79EFBC}") = "RxChangeTracker", "RxChangeTracker\RxChangeTracker.csproj", "{119F07D9-B9D2-4416-B8E8-2F4B54019DFB}"
EndProject
Project("{FAE04EC0-301F-11D3-BF4B-00C04F79EFBC}") = "RxChangeTracker.Tests", "RxChangeTracker.Tests\RxChangeTracker.Tests.csproj", "{604AB9EB-1FC8-4C2E-8E0A-2A11EEE1D989}"
EndProject
Project("{2150E333-8FDC-42A3-9474-1A3956D46DE8}") = ".nuget", ".nuget", "{AE3F7CB2-B637-46DF-B676-7B8CB5B27E7B}"
	ProjectSection(SolutionItems) = preProject
		.nuget\NuGet.Config = .nuget\NuGet.Config
		.nuget\NuGet.targets = .nuget\NuGet.targets
		.nuget\nuget.exe = .nuget\nuget.exe
	EndProjectSection
EndProject
Global
	GlobalSection(SolutionConfigurationPlatforms) = preSolution
		Debug|Any CPU = Debug|Any CPU
		Release|Any CPU = Release|Any CPU
	EndGlobalSection
	GlobalSection(ProjectConfigurationPlatforms) = postSolution
		{119F07D9-B9D2-4416-B8E8-2F4B54019DFB}.Debug|Any CPU.ActiveCfg = Debug|Any CPU
		{119F07D9-B9D2-4416-B8E8-2F4B54019DFB}.Debug|Any CPU.Build.0 = Debug|Any CPU
		{119F07D9-B9D2-4416-B8E8-2F4B54019DFB}.Release|Any CPU.ActiveCfg = Release|Any CPU
		{119F07D9-B9D2-4416-B8E8-2F4B54019DFB}.Release|Any CPU.Build.0 = Release|Any CPU
		{604AB9EB-1FC8-4C2E-8E0A-2A11EEE1D989}.Debug|Any CPU.ActiveCfg = Debug|Any CPU
		{604AB9EB-1FC8-4C2E-8E0A-2A11EEE1D989}.Debug|Any CPU.Build.0 = Debug|Any CPU
		{604AB9EB-1FC8-4C2E-8E0A-2A11EEE1D989}.Release|Any CPU.ActiveCfg = Release|Any CPU
		{604AB9EB-1FC8-4C2E-8E0A-2A11EEE1D989}.Release|Any CPU.Build.0 = Release|Any CPU
	EndGlobalSection
	GlobalSection(SolutionProperties) = preSolution
		HideSolutionNode = FALSE
	EndGlobalSection
EndGlobal
